// !$*UTF8*$!
{
	archiveVersion = 1;
	classes = {
	};
	objectVersion = 77;
	objects = {

/* Begin PBXBuildFile section */
		0084442ECDB1252877B6D4F9 /* AppRouter.swift in Sources */ = {isa = PBXBuildFile; fileRef = 15A20B59A404C0FC23DD6457 /* AppRouter.swift */; };
		2C03353A520D7F9EEE3F8F3B /* NudgeControl.swift in Sources */ = {isa = PBXBuildFile; fileRef = FAD34E5E8C4DDC49F18C420A /* NudgeControl.swift */; };
		417525C72B41B04AE2D53C20 /* AppRouter.swift in Sources */ = {isa = PBXBuildFile; fileRef = 15A20B59A404C0FC23DD6457 /* AppRouter.swift */; };
		43491E524FB40093A8720477 /* WidgetData.swift in Sources */ = {isa = PBXBuildFile; fileRef = 9D02E2E7153E871D406772A2 /* WidgetData.swift */; };
		70361BCD0371121195C0B400 /* NudgeWidgets.appex in Embed Foundation Extensions */ = {isa = PBXBuildFile; fileRef = 6B9C5DE0B02C50CE957E2B65 /* NudgeWidgets.appex */; settings = {ATTRIBUTES = (RemoveHeadersOnCopy, ); }; };
		B85FBEA063A111978C486974 /* QuickAddIntent.swift in Sources */ = {isa = PBXBuildFile; fileRef = 6B4DE77BF970E57C76202DBE /* QuickAddIntent.swift */; };
		DAFEFBCA2BC3486E29AC0381 /* QuickAddIntent.swift in Sources */ = {isa = PBXBuildFile; fileRef = 6B4DE77BF970E57C76202DBE /* QuickAddIntent.swift */; };
		EB83FBC067ED9EDD11548910 /* Foundation.framework in Frameworks */ = {isa = PBXBuildFile; fileRef = 2EFA3D2A91ECC4922004933E /* Foundation.framework */; };
		FD69A38D8D9BB778DC05DC93 /* NudgeWidgets.swift in Sources */ = {isa = PBXBuildFile; fileRef = C53CD5B060D93168A9A1D1D1 /* NudgeWidgets.swift */; };
/* End PBXBuildFile section */

/* Begin PBXContainerItemProxy section */
		DCC89766FD3B6DF05EAE6E8E /* PBXContainerItemProxy */ = {
			isa = PBXContainerItemProxy;
			containerPortal = 3A9BD1E82FCE10E000E88354 /* Project object */;
			proxyType = 1;
			remoteGlobalIDString = 2ABA80C1E4DE98CC7D63DBC0;
			remoteInfo = NudgeWidgets;
		};
/* End PBXContainerItemProxy section */

/* Begin PBXCopyFilesBuildPhase section */
		4FB8489933AD347337E7F1DB /* Embed Foundation Extensions */ = {
			isa = PBXCopyFilesBuildPhase;
			buildActionMask = 2147483647;
			dstPath = "";
			dstSubfolderSpec = 13;
			files = (
				70361BCD0371121195C0B400 /* NudgeWidgets.appex in Embed Foundation Extensions */,
			);
			name = "Embed Foundation Extensions";
			runOnlyForDeploymentPostprocessing = 0;
		};
/* End PBXCopyFilesBuildPhase section */

/* Begin PBXFileReference section */
		15A20B59A404C0FC23DD6457 /* AppRouter.swift */ = {isa = PBXFileReference; includeInIndex = 1; lastKnownFileType = sourcecode.swift; path = AppRouter.swift; sourceTree = "<group>"; };
		2EFA3D2A91ECC4922004933E /* Foundation.framework */ = {isa = PBXFileReference; lastKnownFileType = wrapper.framework; name = Foundation.framework; path = Platforms/iPhoneOS.platform/Developer/SDKs/iPhoneOS18.0.sdk/System/Library/Frameworks/Foundation.framework; sourceTree = DEVELOPER_DIR; };
		3A9BD1F02FCE10E000E88354 /* Nudge.app */ = {isa = PBXFileReference; explicitFileType = wrapper.application; includeInIndex = 0; path = Nudge.app; sourceTree = BUILT_PRODUCTS_DIR; };
		6B4DE77BF970E57C76202DBE /* QuickAddIntent.swift */ = {isa = PBXFileReference; includeInIndex = 1; lastKnownFileType = sourcecode.swift; path = QuickAddIntent.swift; sourceTree = "<group>"; };
		6B9C5DE0B02C50CE957E2B65 /* NudgeWidgets.appex */ = {isa = PBXFileReference; explicitFileType = "wrapper.app-extension"; includeInIndex = 0; path = NudgeWidgets.appex; sourceTree = BUILT_PRODUCTS_DIR; };
		7DF3C757367D3B53CF1889A5 /* Info.plist */ = {isa = PBXFileReference; includeInIndex = 1; lastKnownFileType = text.plist.xml; path = Info.plist; sourceTree = "<group>"; };
		9D02E2E7153E871D406772A2 /* WidgetData.swift */ = {isa = PBXFileReference; includeInIndex = 1; lastKnownFileType = sourcecode.swift; path = WidgetData.swift; sourceTree = "<group>"; };
		C53CD5B060D93168A9A1D1D1 /* NudgeWidgets.swift */ = {isa = PBXFileReference; includeInIndex = 1; lastKnownFileType = sourcecode.swift; path = NudgeWidgets.swift; sourceTree = "<group>"; };
		FAD34E5E8C4DDC49F18C420A /* NudgeControl.swift */ = {isa = PBXFileReference; includeInIndex = 1; lastKnownFileType = sourcecode.swift; path = NudgeControl.swift; sourceTree = "<group>"; };
/* End PBXFileReference section */

/* Begin PBXFileSystemSynchronizedRootGroup section */
		3A9BD1F22FCE10E000E88354 /* Nudge */ = {
			isa = PBXFileSystemSynchronizedRootGroup;
			path = Nudge;
			sourceTree = "<group>";
		};
/* End PBXFileSystemSynchronizedRootGroup section */

/* Begin PBXFrameworksBuildPhase section */
		3A9BD1ED2FCE10E000E88354 /* Frameworks */ = {
			isa = PBXFrameworksBuildPhase;
			buildActionMask = 2147483647;
			files = (
			);
			runOnlyForDeploymentPostprocessing = 0;
		};
		8777FF235CE85D00C31D9139 /* Frameworks */ = {
			isa = PBXFrameworksBuildPhase;
			buildActionMask = 2147483647;
			files = (
				EB83FBC067ED9EDD11548910 /* Foundation.framework in Frameworks */,
			);
			runOnlyForDeploymentPostprocessing = 0;
		};
/* End PBXFrameworksBuildPhase section */

/* Begin PBXGroup section */
		240C42A1879A561B720CF865 /* Shared */ = {
			isa = PBXGroup;
			children = (
				15A20B59A404C0FC23DD6457 /* AppRouter.swift */,
				6B4DE77BF970E57C76202DBE /* QuickAddIntent.swift */,
			);
			path = Shared;
			sourceTree = "<group>";
		};
		3A9BD1E72FCE10E000E88354 = {
			isa = PBXGroup;
			children = (
				3A9BD1F22FCE10E000E88354 /* Nudge */,
				3A9BD1F12FCE10E000E88354 /* Products */,
				523DBD3024F563EF7D6341EE /* Frameworks */,
				A428B36AD8FBD10286539AF1 /* NudgeWidgets */,
				240C42A1879A561B720CF865 /* Shared */,
			);
			sourceTree = "<group>";
		};
		3A9BD1F12FCE10E000E88354 /* Products */ = {
			isa = PBXGroup;
			children = (
				3A9BD1F02FCE10E000E88354 /* Nudge.app */,
				6B9C5DE0B02C50CE957E2B65 /* NudgeWidgets.appex */,
			);
			name = Products;
			sourceTree = "<group>";
		};
		523DBD3024F563EF7D6341EE /* Frameworks */ = {
			isa = PBXGroup;
			children = (
				E17C0AE39BE8D1EF7C44036B /* iOS */,
			);
			name = Frameworks;
			sourceTree = "<group>";
		};
		A428B36AD8FBD10286539AF1 /* NudgeWidgets */ = {
			isa = PBXGroup;
			children = (
				FAD34E5E8C4DDC49F18C420A /* NudgeControl.swift */,
				7DF3C757367D3B53CF1889A5 /* Info.plist */,
				9D02E2E7153E871D406772A2 /* WidgetData.swift */,
				C53CD5B060D93168A9A1D1D1 /* NudgeWidgets.swift */,
			);
			path = NudgeWidgets;
			sourceTree = "<group>";
		};
		E17C0AE39BE8D1EF7C44036B /* iOS */ = {
			isa = PBXGroup;
			children = (
				2EFA3D2A91ECC4922004933E /* Foundation.framework */,
			);
			name = iOS;
			sourceTree = "<group>";
		};
/* End PBXGroup section */

/* Begin PBXNativeTarget section */
		2ABA80C1E4DE98CC7D63DBC0 /* NudgeWidgets */ = {
			isa = PBXNativeTarget;
			buildConfigurationList = 782735AD856963FDA2EFBDA0 /* Build configuration list for PBXNativeTarget "NudgeWidgets" */;
			buildPhases = (
				6E30D814772B63ABFE4EC75A /* Sources */,
				8777FF235CE85D00C31D9139 /* Frameworks */,
				A2C6A9C19ED455EDD6D6FF02 /* Resources */,
			);
			buildRules = (
			);
			dependencies = (
			);
			name = NudgeWidgets;
			productName = NudgeWidgets;
			productReference = 6B9C5DE0B02C50CE957E2B65 /* NudgeWidgets.appex */;
			productType = "com.apple.product-type.app-extension";
		};
		3A9BD1EF2FCE10E000E88354 /* Nudge */ = {
			isa = PBXNativeTarget;
			buildConfigurationList = 3A9BD1FB2FCE10E100E88354 /* Build configuration list for PBXNativeTarget "Nudge" */;
			buildPhases = (
				3A9BD1EC2FCE10E000E88354 /* Sources */,
				3A9BD1ED2FCE10E000E88354 /* Frameworks */,
				3A9BD1EE2FCE10E000E88354 /* Resources */,
				4FB8489933AD347337E7F1DB /* Embed Foundation Extensions */,
			);
			buildRules = (
			);
			dependencies = (
				A17F9474C08884FAB058E8E4 /* PBXTargetDependency */,
			);
			fileSystemSynchronizedGroups = (
				3A9BD1F22FCE10E000E88354 /* Nudge */,
			);
			name = Nudge;
			productName = Nudge;
			productReference = 3A9BD1F02FCE10E000E88354 /* Nudge.app */;
			productType = "com.apple.product-type.application";
		};
/* End PBXNativeTarget section */

/* Begin PBXProject section */
		3A9BD1E82FCE10E000E88354 /* Project object */ = {
			isa = PBXProject;
			attributes = {
				BuildIndependentTargetsInParallel = 1;
				LastSwiftUpdateCheck = 2650;
				LastUpgradeCheck = 2650;
				TargetAttributes = {
					3A9BD1EF2FCE10E000E88354 = {
						CreatedOnToolsVersion = 26.5;
						LastSwiftMigration = 2650;
					};
				};
			};
			buildConfigurationList = 3A9BD1EB2FCE10E000E88354 /* Build configuration list for PBXProject "Nudge" */;
			developmentRegion = en;
			hasScannedForEncodings = 0;
			knownRegions = (
				en,
				Base,
			);
			mainGroup = 3A9BD1E72FCE10E000E88354;
			minimizedProjectReferenceProxies = 1;
			preferredProjectObjectVersion = 77;
			productRefGroup = 3A9BD1F12FCE10E000E88354 /* Products */;
			projectDirPath = "";
			projectRoot = "";
			targets = (
				3A9BD1EF2FCE10E000E88354 /* Nudge */,
				2ABA80C1E4DE98CC7D63DBC0 /* NudgeWidgets */,
			);
		};
/* End PBXProject section */

/* Begin PBXResourcesBuildPhase section */
		3A9BD1EE2FCE10E000E88354 /* Resources */ = {
			isa = PBXResourcesBuildPhase;
			buildActionMask = 2147483647;
			files = (
			);
			runOnlyForDeploymentPostprocessing = 0;
		};
		A2C6A9C19ED455EDD6D6FF02 /* Resources */ = {
			isa = PBXResourcesBuildPhase;
			buildActionMask = 2147483647;
			files = (
			);
			runOnlyForDeploymentPostprocessing = 0;
		};
/* End PBXResourcesBuildPhase section */

/* Begin PBXSourcesBuildPhase section */
		3A9BD1EC2FCE10E000E88354 /* Sources */ = {
			isa = PBXSourcesBuildPhase;
			buildActionMask = 2147483647;
			files = (
				417525C72B41B04AE2D53C20 /* AppRouter.swift in Sources */,
				DAFEFBCA2BC3486E29AC0381 /* QuickAddIntent.swift in Sources */,
			);
			runOnlyForDeploymentPostprocessing = 0;
		};
		6E30D814772B63ABFE4EC75A /* Sources */ = {
			isa = PBXSourcesBuildPhase;
			buildActionMask = 2147483647;
			files = (
				2C03353A520D7F9EEE3F8F3B /* NudgeControl.swift in Sources */,
				0084442ECDB1252877B6D4F9 /* AppRouter.swift in Sources */,
				B85FBEA063A111978C486974 /* QuickAddIntent.swift in Sources */,
				43491E524FB40093A8720477 /* WidgetData.swift in Sources */,
				FD69A38D8D9BB778DC05DC93 /* NudgeWidgets.swift in Sources */,
			);
			runOnlyForDeploymentPostprocessing = 0;
		};
/* End PBXSourcesBuildPhase section */

/* Begin PBXTargetDependency section */
		A17F9474C08884FAB058E8E4 /* PBXTargetDependency */ = {
			isa = PBXTargetDependency;
			name = NudgeWidgets;
			target = 2ABA80C1E4DE98CC7D63DBC0 /* NudgeWidgets */;
			targetProxy = DCC89766FD3B6DF05EAE6E8E /* PBXContainerItemProxy */;
		};
/* End PBXTargetDependency section */

/* Begin XCBuildConfiguration section */
		3A9BD1F92FCE10E100E88354 /* Debug */ = {
			isa = XCBuildConfiguration;
			buildSettings = {
				ALWAYS_SEARCH_USER_PATHS = NO;
				ASSETCATALOG_COMPILER_GENERATE_SWIFT_ASSET_SYMBOL_EXTENSIONS = YES;
				CLANG_ANALYZER_NONNULL = YES;
				CLANG_ANALYZER_NUMBER_OBJECT_CONVERSION = YES_AGGRESSIVE;
				CLANG_CXX_LANGUAGE_STANDARD = "gnu++20";
				CLANG_ENABLE_MODULES = YES;
				CLANG_ENABLE_OBJC_ARC = YES;
				CLANG_ENABLE_OBJC_WEAK = YES;
				CLANG_WARN_BLOCK_CAPTURE_AUTORELEASING = YES;
				CLANG_WARN_BOOL_CONVERSION = YES;
				CLANG_WARN_COMMA = YES;
				CLANG_WARN_CONSTANT_CONVERSION = YES;
				CLANG_WARN_DEPRECATED_OBJC_IMPLEMENTATIONS = YES;
				CLANG_WARN_DIRECT_OBJC_ISA_USAGE = YES_ERROR;
				CLANG_WARN_DOCUMENTATION_COMMENTS = YES;
				CLANG_WARN_EMPTY_BODY = YES;
				CLANG_WARN_ENUM_CONVERSION = YES;
				CLANG_WARN_INFINITE_RECURSION = YES;
				CLANG_WARN_INT_CONVERSION = YES;
				CLANG_WARN_NON_LITERAL_NULL_CONVERSION = YES;
				CLANG_WARN_OBJC_IMPLICIT_RETAIN_SELF = YES;
				CLANG_WARN_OBJC_LITERAL_CONVERSION = YES;
				CLANG_WARN_OBJC_ROOT_CLASS = YES_ERROR;
				CLANG_WARN_QUOTED_INCLUDE_IN_FRAMEWORK_HEADER = YES;
				CLANG_WARN_RANGE_LOOP_ANALYSIS = YES;
				CLANG_WARN_STRICT_PROTOTYPES = YES;
				CLANG_WARN_SUSPICIOUS_MOVE = YES;
				CLANG_WARN_UNGUARDED_AVAILABILITY = YES_AGGRESSIVE;
				CLANG_WARN_UNREACHABLE_CODE = YES;
				CLANG_WARN__DUPLICATE_METHOD_MATCH = YES;
				COPY_PHASE_STRIP = NO;
				DEBUG_INFORMATION_FORMAT = dwarf;
				ENABLE_STRICT_OBJC_MSGSEND = YES;
				ENABLE_TESTABILITY = YES;
				ENABLE_USER_SCRIPT_SANDBOXING = YES;
				GCC_C_LANGUAGE_STANDARD = gnu17;
				GCC_DYNAMIC_NO_PIC = NO;
				GCC_NO_COMMON_BLOCKS = YES;
				GCC_OPTIMIZATION_LEVEL = 0;
				GCC_PREPROCESSOR_DEFINITIONS = (
					"DEBUG=1",
					"$(inherited)",
				);
				GCC_WARN_64_TO_32_BIT_CONVERSION = YES;
				GCC_WARN_ABOUT_RETURN_TYPE = YES_ERROR;
				GCC_WARN_UNDECLARED_SELECTOR = YES;
				GCC_WARN_UNINITIALIZED_AUTOS = YES_AGGRESSIVE;
				GCC_WARN_UNUSED_FUNCTION = YES;
				GCC_WARN_UNUSED_VARIABLE = YES;
				IPHONEOS_DEPLOYMENT_TARGET = 26.5;
				LOCALIZATION_PREFERS_STRING_CATALOGS = YES;
				MTL_ENABLE_DEBUG_INFO = INCLUDE_SOURCE;
				MTL_FAST_MATH = YES;
				ONLY_ACTIVE_ARCH = YES;
				SDKROOT = iphoneos;
				SWIFT_ACTIVE_COMPILATION_CONDITIONS = "DEBUG $(inherited)";
				SWIFT_OPTIMIZATION_LEVEL = "-Onone";
			};
			name = Debug;
		};
		3A9BD1FA2FCE10E100E88354 /* Release */ = {
			isa = XCBuildConfiguration;
			buildSettings = {
				ALWAYS_SEARCH_USER_PATHS = NO;
				ASSETCATALOG_COMPILER_GENERATE_SWIFT_ASSET_SYMBOL_EXTENSIONS = YES;
				CLANG_ANALYZER_NONNULL = YES;
				CLANG_ANALYZER_NUMBER_OBJECT_CONVERSION = YES_AGGRESSIVE;
				CLANG_CXX_LANGUAGE_STANDARD = "gnu++20";
				CLANG_ENABLE_MODULES = YES;
				CLANG_ENABLE_OBJC_ARC = YES;
				CLANG_ENABLE_OBJC_WEAK = YES;
				CLANG_WARN_BLOCK_CAPTURE_AUTORELEASING = YES;
				CLANG_WARN_BOOL_CONVERSION = YES;
				CLANG_WARN_COMMA = YES;
				CLANG_WARN_CONSTANT_CONVERSION = YES;
				CLANG_WARN_DEPRECATED_OBJC_IMPLEMENTATIONS = YES;
				CLANG_WARN_DIRECT_OBJC_ISA_USAGE = YES_ERROR;
				CLANG_WARN_DOCUMENTATION_COMMENTS = YES;
				CLANG_WARN_EMPTY_BODY = YES;
				CLANG_WARN_ENUM_CONVERSION = YES;
				CLANG_WARN_INFINITE_RECURSION = YES;
				CLANG_WARN_INT_CONVERSION = YES;
				CLANG_WARN_NON_LITERAL_NULL_CONVERSION = YES;
				CLANG_WARN_OBJC_IMPLICIT_RETAIN_SELF = YES;
				CLANG_WARN_OBJC_LITERAL_CONVERSION = YES;
				CLANG_WARN_OBJC_ROOT_CLASS = YES_ERROR;
				CLANG_WARN_QUOTED_INCLUDE_IN_FRAMEWORK_HEADER = YES;
				CLANG_WARN_RANGE_LOOP_ANALYSIS = YES;
				CLANG_WARN_STRICT_PROTOTYPES = YES;
				CLANG_WARN_SUSPICIOUS_MOVE = YES;
				CLANG_WARN_UNGUARDED_AVAILABILITY = YES_AGGRESSIVE;
				CLANG_WARN_UNREACHABLE_CODE = YES;
				CLANG_WARN__DUPLICATE_METHOD_MATCH = YES;
				COPY_PHASE_STRIP = NO;
				DEBUG_INFORMATION_FORMAT = "dwarf-with-dsym";
				ENABLE_NS_ASSERTIONS = NO;
				ENABLE_STRICT_OBJC_MSGSEND = YES;
				ENABLE_USER_SCRIPT_SANDBOXING = YES;
				GCC_C_LANGUAGE_STANDARD = gnu17;
				GCC_NO_COMMON_BLOCKS = YES;
				GCC_WARN_64_TO_32_BIT_CONVERSION = YES;
				GCC_WARN_ABOUT_RETURN_TYPE = YES_ERROR;
				GCC_WARN_UNDECLARED_SELECTOR = YES;
				GCC_WARN_UNINITIALIZED_AUTOS = YES_AGGRESSIVE;
				GCC_WARN_UNUSED_FUNCTION = YES;
				GCC_WARN_UNUSED_VARIABLE = YES;
				IPHONEOS_DEPLOYMENT_TARGET = 26.5;
				LOCALIZATION_PREFERS_STRING_CATALOGS = YES;
				MTL_ENABLE_DEBUG_INFO = NO;
				MTL_FAST_MATH = YES;
				SDKROOT = iphoneos;
				SWIFT_COMPILATION_MODE = wholemodule;
				VALIDATE_PRODUCT = YES;
			};
			name = Release;
		};
		3A9BD1FC2FCE10E100E88354 /* Debug */ = {
			isa = XCBuildConfiguration;
			buildSettings = {
				ASSETCATALOG_COMPILER_APPICON_NAME = AppIcon;
				ASSETCATALOG_COMPILER_GLOBAL_ACCENT_COLOR_NAME = AccentColor;
				CLANG_ENABLE_MODULES = YES;
				CODE_SIGN_STYLE = Automatic;
				CURRENT_PROJECT_VERSION = 1;
				DEVELOPMENT_TEAM = FMF6YAVA23;
				ENABLE_PREVIEWS = YES;
				GENERATE_INFOPLIST_FILE = YES;
				INFOPLIST_KEY_NSFaceIDUsageDescription = "Nudge uses Face ID to keep your reminders private.";
				INFOPLIST_KEY_NSRemindersFullAccessUsageDescription = "Nudge syncs your reminders with Apple Reminders so anything you capture in either place stays in sync.";
				INFOPLIST_KEY_UIApplicationSceneManifest_Generation = YES;
				INFOPLIST_KEY_UIApplicationSupportsIndirectInputEvents = YES;
				INFOPLIST_KEY_UILaunchScreen_Generation = YES;
				INFOPLIST_KEY_UISupportedInterfaceOrientations = UIInterfaceOrientationPortrait;
				INFOPLIST_KEY_UISupportedInterfaceOrientations_iPad = "UIInterfaceOrientationLandscapeLeft UIInterfaceOrientationLandscapeRight UIInterfaceOrientationPortrait UIInterfaceOrientationPortraitUpsideDown";
				LD_RUNPATH_SEARCH_PATHS = (
					"$(inherited)",
					"@executable_path/Frameworks",
				);
				MARKETING_VERSION = 1.0;
				PRODUCT_BUNDLE_IDENTIFIER = uk.flouty.Nudge;
				PRODUCT_NAME = "$(TARGET_NAME)";
				STRING_CATALOG_GENERATE_SYMBOLS = YES;
				SUPPORTS_MACCATALYST = YES;
				SUPPORTS_MAC_DESIGNED_FOR_IPHONE_IPAD = NO;
				SWIFT_APPROACHABLE_CONCURRENCY = YES;
				SWIFT_DEFAULT_ACTOR_ISOLATION = MainActor;
				SWIFT_EMIT_LOC_STRINGS = YES;
				SWIFT_OPTIMIZATION_LEVEL = "-Onone";
				SWIFT_UPCOMING_FEATURE_MEMBER_IMPORT_VISIBILITY = YES;
				SWIFT_VERSION = 5.0;
				TARGETED_DEVICE_FAMILY = "1,2";
			};
			name = Debug;
		};
		3A9BD1FD2FCE10E100E88354 /* Release */ = {
			isa = XCBuildConfiguration;
			buildSettings = {
				ASSETCATALOG_COMPILER_APPICON_NAME = AppIcon;
				ASSETCATALOG_COMPILER_GLOBAL_ACCENT_COLOR_NAME = AccentColor;
				CLANG_ENABLE_MODULES = YES;
				CODE_SIGN_STYLE = Automatic;
				CURRENT_PROJECT_VERSION = 1;
				DEVELOPMENT_TEAM = FMF6YAVA23;
				ENABLE_PREVIEWS = YES;
				GENERATE_INFOPLIST_FILE = YES;
				INFOPLIST_KEY_NSFaceIDUsageDescription = "Nudge uses Face ID to keep your reminders private.";
				INFOPLIST_KEY_NSRemindersFullAccessUsageDescription = "Nudge syncs your reminders with Apple Reminders so anything you capture in either place stays in sync.";
				INFOPLIST_KEY_UIApplicationSceneManifest_Generation = YES;
				INFOPLIST_KEY_UIApplicationSupportsIndirectInputEvents = YES;
				INFOPLIST_KEY_UILaunchScreen_Generation = YES;
				INFOPLIST_KEY_UISupportedInterfaceOrientations = UIInterfaceOrientationPortrait;
				INFOPLIST_KEY_UISupportedInterfaceOrientations_iPad = "UIInterfaceOrientationLandscapeLeft UIInterfaceOrientationLandscapeRight UIInterfaceOrientationPortrait UIInterfaceOrientationPortraitUpsideDown";
				LD_RUNPATH_SEARCH_PATHS = (
					"$(inherited)",
					"@executable_path/Frameworks",
				);
				MARKETING_VERSION = 1.0;
				PRODUCT_BUNDLE_IDENTIFIER = uk.flouty.Nudge;
				PRODUCT_NAME = "$(TARGET_NAME)";
				STRING_CATALOG_GENERATE_SYMBOLS = YES;
				SUPPORTS_MACCATALYST = YES;
				SUPPORTS_MAC_DESIGNED_FOR_IPHONE_IPAD = NO;
				SWIFT_APPROACHABLE_CONCURRENCY = YES;
				SWIFT_DEFAULT_ACTOR_ISOLATION = MainActor;
				SWIFT_EMIT_LOC_STRINGS = YES;
				SWIFT_UPCOMING_FEATURE_MEMBER_IMPORT_VISIBILITY = YES;
				SWIFT_VERSION = 5.0;
				TARGETED_DEVICE_FAMILY = "1,2";
			};
			name = Release;
		};
		683246B00BC7D8ABE6164BB0 /* Release */ = {
			isa = XCBuildConfiguration;
			buildSettings = {
				CLANG_ENABLE_MODULES = YES;
				CLANG_ENABLE_OBJC_WEAK = NO;
				CODE_SIGN_STYLE = Automatic;
				CURRENT_PROJECT_VERSION = 1;
				DEVELOPMENT_TEAM = FMF6YAVA23;
				ENABLE_PREVIEWS = YES;
				GENERATE_INFOPLIST_FILE = NO;
				INFOPLIST_FILE = NudgeWidgets/Info.plist;
				IPHONEOS_DEPLOYMENT_TARGET = 26.5;
				LD_RUNPATH_SEARCH_PATHS = (
					"$(inherited)",
					"@executable_path/Frameworks",
					"@executable_path/../../Frameworks",
				);
				MARKETING_VERSION = 1.0;
				PRODUCT_BUNDLE_IDENTIFIER = uk.flouty.Nudge.NudgeWidgets;
				PRODUCT_NAME = "$(TARGET_NAME)";
				SDKROOT = iphoneos;
				SKIP_INSTALL = YES;
				SUPPORTS_MACCATALYST = YES;
				SUPPORTS_MAC_DESIGNED_FOR_IPHONE_IPAD = NO;
				SWIFT_DEFAULT_ACTOR_ISOLATION = MainActor;
				SWIFT_EMIT_LOC_STRINGS = YES;
				SWIFT_VERSION = 5.0;
				TARGETED_DEVICE_FAMILY = "1,2";
				VALIDATE_PRODUCT = YES;
			};
			name = Release;
		};
		FBB4E7C3894E54BE76E0AAC4 /* Debug */ = {
			isa = XCBuildConfiguration;
			buildSettings = {
				CLANG_ENABLE_MODULES = YES;
				CLANG_ENABLE_OBJC_WEAK = NO;
				CODE_SIGN_STYLE = Automatic;
				CURRENT_PROJECT_VERSION = 1;
				DEVELOPMENT_TEAM = FMF6YAVA23;
				ENABLE_PREVIEWS = YES;
				GENERATE_INFOPLIST_FILE = NO;
				INFOPLIST_FILE = NudgeWidgets/Info.plist;
				IPHONEOS_DEPLOYMENT_TARGET = 26.5;
				LD_RUNPATH_SEARCH_PATHS = (
					"$(inherited)",
					"@executable_path/Frameworks",
					"@executable_path/../../Frameworks",
				);
				MARKETING_VERSION = 1.0;
				PRODUCT_BUNDLE_IDENTIFIER = uk.flouty.Nudge.NudgeWidgets;
				PRODUCT_NAME = "$(TARGET_NAME)";
				SDKROOT = iphoneos;
				SKIP_INSTALL = YES;
				SUPPORTS_MACCATALYST = YES;
				SUPPORTS_MAC_DESIGNED_FOR_IPHONE_IPAD = NO;
				SWIFT_DEFAULT_ACTOR_ISOLATION = MainActor;
				SWIFT_EMIT_LOC_STRINGS = YES;
				SWIFT_OPTIMIZATION_LEVEL = "-Onone";
				SWIFT_VERSION = 5.0;
				TARGETED_DEVICE_FAMILY = "1,2";
			};
			name = Debug;
		};
/* End XCBuildConfiguration section */

/* Begin XCConfigurationList section */
		3A9BD1EB2FCE10E000E88354 /* Build configuration list for PBXProject "Nudge" */ = {
			isa = XCConfigurationList;
			buildConfigurations = (
				3A9BD1F92FCE10E100E88354 /* Debug */,
				3A9BD1FA2FCE10E100E88354 /* Release */,
			);
			defaultConfigurationIsVisible = 0;
			defaultConfigurationName = Release;
		};
		3A9BD1FB2FCE10E100E88354 /* Build configuration list for PBXNativeTarget "Nudge" */ = {
			isa = XCConfigurationList;
			buildConfigurations = (
				3A9BD1FC2FCE10E100E88354 /* Debug */,
				3A9BD1FD2FCE10E100E88354 /* Release */,
			);
			defaultConfigurationIsVisible = 0;
			defaultConfigurationName = Release;
		};
		782735AD856963FDA2EFBDA0 /* Build configuration list for PBXNativeTarget "NudgeWidgets" */ = {
			isa = XCConfigurationList;
			buildConfigurations = (
				683246B00BC7D8ABE6164BB0 /* Release */,
				FBB4E7C3894E54BE76E0AAC4 /* Debug */,
			);
			defaultConfigurationIsVisible = 0;
			defaultConfigurationName = Release;
		};
/* End XCConfigurationList section */
	};
	rootObject = 3A9BD1E82FCE10E000E88354 /* Project object */;
}
